{
  "nodes": {
    "aws-find-profile": {
      "flake": false,
      "locked": {
        "lastModified": 1633908628,
        "narHash": "sha256-jXreahuMwC1NG75qyMhd4bbY6J6IaVS6YKhKoWnVab4=",
        "owner": "vdesjardins",
        "repo": "aws-find-profile",
        "rev": "90050f05f35e7a6050ae96e50e60bd864fce7c1f",
        "type": "github"
      },
      "original": {
        "owner": "vdesjardins",
        "repo": "aws-find-profile",
        "type": "github"
      }
    },
    "aws-sso-util": {
      "flake": false,
      "locked": {
        "lastModified": 1634498896,
        "narHash": "sha256-J6UDaoSi5vNFMRbFBso6M1Oyx5dav8K2sKk2YSScS8Y=",
        "owner": "vdesjardins",
        "repo": "aws-sso-util",
        "rev": "f83aea27ba9a0a2da97dbef0c46725decf4918d8",
        "type": "github"
      },
      "original": {
        "owner": "vdesjardins",
        "repo": "aws-sso-util",
        "type": "github"
      }
    },
    "base16-fzf": {
      "flake": false,
      "locked": {
        "lastModified": 1628382080,
        "narHash": "sha256-W0ukAoQF3cS6QbEUeXe06uj8OHFyCGpugLdkHTE8mqs=",
        "owner": "fnune",
        "repo": "base16-fzf",
        "rev": "180b00dd49ba3238ea53b1c0a47ed25a7322ea2f",
        "type": "github"
      },
      "original": {
        "owner": "fnune",
        "repo": "base16-fzf",
        "type": "github"
      }
    },
    "comma": {
      "flake": false,
      "locked": {
        "lastModified": 1588170489,
        "narHash": "sha256-IT7zlcM1Oh4sWeCJ1m4NkteuajPxTnNo1tbitG0eqlg=",
        "owner": "Shopify",
        "repo": "comma",
        "rev": "4a62ec17e20ce0e738a8e5126b4298a73903b468",
        "type": "github"
      },
      "original": {
        "owner": "Shopify",
        "repo": "comma",
        "type": "github"
      }
    },
    "darwin": {
      "inputs": {
        "nixpkgs": "nixpkgs"
      },
      "locked": {
        "lastModified": 1634994402,
        "narHash": "sha256-xmlCVVOYGpZoxgOqsDOVF0B0ASrnbNGVAEzID9qh2xo=",
        "owner": "LnL7",
        "repo": "nix-darwin",
        "rev": "44da835ac40dab5fd231298b59d83487382d2fab",
        "type": "github"
      },
      "original": {
        "owner": "LnL7",
        "repo": "nix-darwin",
        "type": "github"
      }
    },
    "fenix": {
      "inputs": {
        "nixpkgs": "nixpkgs_2",
        "rust-analyzer-src": "rust-analyzer-src"
      },
      "locked": {
        "lastModified": 1635601111,
        "narHash": "sha256-+UWu41BL713+zPBA1YunLto8uPLvBWqMqb/HrK0Glug=",
        "owner": "nix-community",
        "repo": "fenix",
        "rev": "1c1a6cd1d091d11ba2ccda42e758a08e47dd0d59",
        "type": "github"
      },
      "original": {
        "owner": "nix-community",
        "repo": "fenix",
        "type": "github"
      }
    },
    "flake-compat": {
      "flake": false,
      "locked": {
        "lastModified": 1627913399,
        "narHash": "sha256-hY8g6H2KFL8ownSiFeMOjwPC8P0ueXpCVEbxgda3pko=",
        "owner": "edolstra",
        "repo": "flake-compat",
        "rev": "12c64ca55c1014cdc1b16ed5a804aa8576601ff2",
        "type": "github"
      },
      "original": {
        "owner": "edolstra",
        "repo": "flake-compat",
        "type": "github"
      }
    },
    "flake-utils": {
      "locked": {
        "lastModified": 1629481132,
        "narHash": "sha256-JHgasjPR0/J1J3DRm4KxM4zTyAj4IOJY8vIl75v/kPI=",
        "owner": "numtide",
        "repo": "flake-utils",
        "rev": "997f7efcb746a9c140ce1f13c72263189225f482",
        "type": "github"
      },
      "original": {
        "owner": "numtide",
        "repo": "flake-utils",
        "type": "github"
      }
    },
    "home-manager": {
      "inputs": {
        "nixpkgs": [
          "nixpkgs"
        ]
      },
      "locked": {
        "lastModified": 1635629446,
        "narHash": "sha256-rx7fVVjEdq/Be5uUw7CHwInGTZxPcCw2q/Ag31w56+4=",
        "owner": "nix-community",
        "repo": "home-manager",
        "rev": "71902bc913ccc36baa9ac18dd9b84117a34a36b0",
        "type": "github"
      },
      "original": {
        "owner": "nix-community",
        "repo": "home-manager",
        "type": "github"
      }
    },
    "kube-no-trouble": {
      "flake": false,
      "locked": {
        "lastModified": 1635153639,
        "narHash": "sha256-ZlPtGYUwENHsWgUsSZuKW516gNPmuYNoHhY7CMNLi18=",
        "owner": "doitintl",
        "repo": "kube-no-trouble",
        "rev": "a762ff3c6b5622650b86dc982652843cc2bd123c",
        "type": "github"
      },
      "original": {
        "owner": "doitintl",
        "repo": "kube-no-trouble",
        "type": "github"
      }
    },
    "kubectl-aliases": {
      "flake": false,
      "locked": {
        "lastModified": 1631491921,
        "narHash": "sha256-kwjiCVhkaYVEk5PWdrY5zBzISVvRIFjIWPFNTaa8wl4=",
        "owner": "ahmetb",
        "repo": "kubectl-aliases",
        "rev": "4440d32d636dc9aade0c5cbbf627e003f04cf939",
        "type": "github"
      },
      "original": {
        "owner": "ahmetb",
        "repo": "kubectl-aliases",
        "type": "github"
      }
    },
    "kubectl-sniff": {
      "flake": false,
      "locked": {
        "lastModified": 1628290378,
        "narHash": "sha256-CpduP8llj8oY6mKRAsngG8gB5eFwTY9C2u1/03Y29l8=",
        "owner": "eldadru",
        "repo": "ksniff",
        "rev": "e299ffb2ec044e21eae9f2d26a3eeb0d637fd617",
        "type": "github"
      },
      "original": {
        "owner": "eldadru",
        "repo": "ksniff",
        "type": "github"
      }
    },
    "kubectl-trace": {
      "flake": false,
      "locked": {
        "lastModified": 1626198653,
        "narHash": "sha256-K2Z5wmixLaOIej3EN5Wy8yx2iRqOX21UKoRNp0ibpFw=",
        "owner": "iovisor",
        "repo": "kubectl-trace",
        "rev": "fd68b1c1bf614a7213c9834673eb8813c809b036",
        "type": "github"
      },
      "original": {
        "owner": "iovisor",
        "ref": "v0.1.2",
        "repo": "kubectl-trace",
        "type": "github"
      }
    },
    "kubectl-view-utilization": {
      "flake": false,
      "locked": {
        "lastModified": 1599700423,
        "narHash": "sha256-4mqc4DAcxBkU0ZsMNypSQXgKxOGLQ8KBgiaU3lPAkpU=",
        "owner": "etopeter",
        "repo": "kubectl-view-utilization",
        "rev": "ec114ef3bf9609e8dff9b952fa10c6a75b94f570",
        "type": "github"
      },
      "original": {
        "owner": "etopeter",
        "repo": "kubectl-view-utilization",
        "type": "github"
      }
    },
    "lscolors": {
      "flake": false,
      "locked": {
        "lastModified": 1627397890,
        "narHash": "sha256-46UR3lKOAoMdcIolVzyqMyGs+Q2DXeq7xUubTLxS3/I=",
        "owner": "trapd00r",
        "repo": "LS_COLORS",
        "rev": "2957904dbd4156b7980e3450233f811073132023",
        "type": "github"
      },
      "original": {
        "owner": "trapd00r",
        "repo": "LS_COLORS",
        "type": "github"
      }
    },
    "master": {
      "locked": {
        "lastModified": 1635637560,
        "narHash": "sha256-9Oc7yTBKPLIn1tQOdgyQeY9tnkFKXh/QDt2TepRerxQ=",
        "owner": "nixos",
        "repo": "nixpkgs",
        "rev": "c713c5d261be7849dab40f4c635abde82eab2ffd",
        "type": "github"
      },
      "original": {
        "owner": "nixos",
        "ref": "master",
        "repo": "nixpkgs",
        "type": "github"
      }
    },
    "neovim-flake": {
      "inputs": {
        "flake-utils": "flake-utils",
        "nixpkgs": [
          "nixpkgs"
        ]
      },
      "locked": {
        "dir": "contrib",
        "lastModified": 1635558454,
        "narHash": "sha256-ki9cOce2HxFYVo8TZhS7jK/ESxjdDI4s/qiyyBK4EWE=",
        "owner": "neovim",
        "repo": "neovim",
        "rev": "e921e98ce38a33a824a8b4efb376a9901a8191d7",
        "type": "github"
      },
      "original": {
        "dir": "contrib",
        "owner": "neovim",
        "repo": "neovim",
        "type": "github"
      }
    },
    "neovim-nightly": {
      "inputs": {
        "flake-compat": "flake-compat",
        "neovim-flake": "neovim-flake",
        "nixpkgs": "nixpkgs_3"
      },
      "locked": {
        "lastModified": 1635581581,
        "narHash": "sha256-GD7qCrOov/wtdp9Qqt1l1uPf+IQ6i3UHrcl9tV8sc5A=",
        "owner": "nix-community",
        "repo": "neovim-nightly-overlay",
        "rev": "0f574809bca4045f90d078e0f29f89f24b0563f0",
        "type": "github"
      },
      "original": {
        "owner": "nix-community",
        "repo": "neovim-nightly-overlay",
        "type": "github"
      }
    },
    "nixpkgs": {
      "locked": {
        "lastModified": 1602411953,
        "narHash": "sha256-gbupmxRpoQZqL5NBQCJN2GI5G7XDEHHHYKhVwEj5+Ps=",
        "owner": "LnL7",
        "repo": "nixpkgs",
        "rev": "f780534ea2d0c12e62607ff254b6b45f46653f7a",
        "type": "github"
      },
      "original": {
        "id": "nixpkgs",
        "type": "indirect"
      }
    },
    "nixpkgs_2": {
      "locked": {
        "lastModified": 1635403963,
        "narHash": "sha256-0actzfzBAXvvDJ/EvPSGbtCPXUwSObQrcq0RpsPWZgA=",
        "owner": "nixos",
        "repo": "nixpkgs",
        "rev": "2deb07f3ac4eeb5de1c12c4ba2911a2eb1f6ed61",
        "type": "github"
      },
      "original": {
        "owner": "nixos",
        "ref": "nixos-unstable",
        "repo": "nixpkgs",
        "type": "github"
      }
    },
    "nixpkgs_3": {
      "locked": {
        "lastModified": 1635403963,
        "narHash": "sha256-0actzfzBAXvvDJ/EvPSGbtCPXUwSObQrcq0RpsPWZgA=",
        "owner": "nixos",
        "repo": "nixpkgs",
        "rev": "2deb07f3ac4eeb5de1c12c4ba2911a2eb1f6ed61",
        "type": "github"
      },
      "original": {
        "owner": "nixos",
        "ref": "nixos-unstable",
        "repo": "nixpkgs",
        "type": "github"
      }
    },
    "nixpkgs_4": {
      "locked": {
        "lastModified": 1635543790,
        "narHash": "sha256-I1lo59Y5mPbkqB8qbp92p4e5Htfm6Wbhvt19efg0cBU=",
        "owner": "nixos",
        "repo": "nixpkgs",
        "rev": "6c0c30146347188ce908838fd2b50c1b7db47c0c",
        "type": "github"
      },
      "original": {
        "owner": "nixos",
        "ref": "nixos-21.05",
        "repo": "nixpkgs",
        "type": "github"
      }
    },
    "nur": {
      "locked": {
        "lastModified": 1635630045,
        "narHash": "sha256-Utmq2nWlAHxG4jNKfe1xiOZudhwshxH3LC3zeU+TeTI=",
        "owner": "nix-community",
        "repo": "NUR",
        "rev": "eaba9def044820dd6ab0119be2f3bdddea410f77",
        "type": "github"
      },
      "original": {
        "owner": "nix-community",
        "repo": "NUR",
        "type": "github"
      }
    },
    "root": {
      "inputs": {
        "aws-find-profile": "aws-find-profile",
        "aws-sso-util": "aws-sso-util",
        "base16-fzf": "base16-fzf",
        "comma": "comma",
        "darwin": "darwin",
        "fenix": "fenix",
        "home-manager": "home-manager",
        "kube-no-trouble": "kube-no-trouble",
        "kubectl-aliases": "kubectl-aliases",
        "kubectl-sniff": "kubectl-sniff",
        "kubectl-trace": "kubectl-trace",
        "kubectl-view-utilization": "kubectl-view-utilization",
        "lscolors": "lscolors",
        "master": "master",
        "neovim-nightly": "neovim-nightly",
        "nixpkgs": "nixpkgs_4",
        "nur": "nur",
        "tmux": "tmux",
        "unstable": "unstable",
        "utils": "utils"
      }
    },
    "rust-analyzer-src": {
      "flake": false,
      "locked": {
        "lastModified": 1635274542,
        "narHash": "sha256-Cew1/WUozM3jalItPuj4cNN8GIFMvCaJ1KXoj6wrHwE=",
        "owner": "rust-analyzer",
        "repo": "rust-analyzer",
        "rev": "dd43f3f2d13a32199828e758ddf13176df1f17f9",
        "type": "github"
      },
      "original": {
        "owner": "rust-analyzer",
        "ref": "nightly",
        "repo": "rust-analyzer",
        "type": "github"
      }
    },
    "tmux": {
      "flake": false,
      "locked": {
        "lastModified": 1635493026,
        "narHash": "sha256-UJMytJgVCCh8DuWFBRTd91QYBEWor+yLnPqKDFmnLyk=",
        "owner": "tmux",
        "repo": "tmux",
        "rev": "c76904343a3ddfea3c58ec00d9904c16574a8af3",
        "type": "github"
      },
      "original": {
        "owner": "tmux",
        "repo": "tmux",
        "type": "github"
      }
    },
    "unstable": {
      "locked": {
        "lastModified": 1635403963,
        "narHash": "sha256-0actzfzBAXvvDJ/EvPSGbtCPXUwSObQrcq0RpsPWZgA=",
        "owner": "NixOS",
        "repo": "nixpkgs",
        "rev": "2deb07f3ac4eeb5de1c12c4ba2911a2eb1f6ed61",
        "type": "github"
      },
      "original": {
        "id": "nixpkgs",
        "ref": "nixos-unstable",
        "type": "indirect"
      }
    },
    "utils": {
      "locked": {
        "lastModified": 1634851050,
        "narHash": "sha256-N83GlSGPJJdcqhUxSCS/WwW5pksYf3VP1M13cDRTSVA=",
        "owner": "numtide",
        "repo": "flake-utils",
        "rev": "c91f3de5adaf1de973b797ef7485e441a65b8935",
        "type": "github"
      },
      "original": {
        "owner": "numtide",
        "repo": "flake-utils",
        "type": "github"
      }
    }
  },
  "root": "root",
  "version": 7
}
