{
  "nodes": {
    "aws-find-profile": {
      "flake": false,
      "locked": {
        "lastModified": 1645583599,
        "narHash": "sha256-cEe16qyZGDbZrqPBA/kpzMXESRXWMmwAmMuBFdsuIao=",
        "owner": "vdesjardins",
        "repo": "aws-find-profile",
        "rev": "4c1c1b4195ca3c1e868fa58a93cf9757f09c66f9",
        "type": "github"
      },
      "original": {
        "owner": "vdesjardins",
        "repo": "aws-find-profile",
        "type": "github"
      }
    },
    "aws-sso-util": {
      "flake": false,
      "locked": {
        "lastModified": 1640296770,
        "narHash": "sha256-ewUtRUjG0zyz6LWvxg8hvyDbHgzDhUDhbU7C7TWhUeQ=",
        "owner": "vdesjardins",
        "repo": "aws-sso-util",
        "rev": "487bcc8fffe64aa89fc0bc0b9c6c74a3dcaa2312",
        "type": "github"
      },
      "original": {
        "owner": "vdesjardins",
        "repo": "aws-sso-util",
        "type": "github"
      }
    },
    "base16-fzf": {
      "flake": false,
      "locked": {
        "lastModified": 1628382080,
        "narHash": "sha256-W0ukAoQF3cS6QbEUeXe06uj8OHFyCGpugLdkHTE8mqs=",
        "owner": "fnune",
        "repo": "base16-fzf",
        "rev": "180b00dd49ba3238ea53b1c0a47ed25a7322ea2f",
        "type": "github"
      },
      "original": {
        "owner": "fnune",
        "repo": "base16-fzf",
        "type": "github"
      }
    },
    "comma": {
      "flake": false,
      "locked": {
        "lastModified": 1645081562,
        "narHash": "sha256-iSkHFMgYh31UDFZ5BZ9AHBivdgO0n2iCrYKjwAWxXvY=",
        "owner": "Shopify",
        "repo": "comma",
        "rev": "54149dc417819af14ddc0d59216d4add5280ad14",
        "type": "github"
      },
      "original": {
        "owner": "Shopify",
        "repo": "comma",
        "type": "github"
      }
    },
    "darwin": {
      "inputs": {
        "nixpkgs": "nixpkgs"
      },
      "locked": {
        "lastModified": 1645293039,
        "narHash": "sha256-PwdDu+SkX8dreeuJ/4av1sEluNZdrpdXv8JsRKKg1Yc=",
        "owner": "LnL7",
        "repo": "nix-darwin",
        "rev": "1df878b6f8351795a3bebfbe4fd2d02e1e8b29d6",
        "type": "github"
      },
      "original": {
        "owner": "LnL7",
        "repo": "nix-darwin",
        "type": "github"
      }
    },
    "fenix": {
      "inputs": {
        "nixpkgs": "nixpkgs_2",
        "rust-analyzer-src": "rust-analyzer-src"
      },
      "locked": {
        "lastModified": 1645943033,
        "narHash": "sha256-es7SEXoeWqv0blb8s+AVWOUygsRDIcx7G/8FIUUEjZE=",
        "owner": "nix-community",
        "repo": "fenix",
        "rev": "f078968e47b20286d9f6b11c528cb0e5d73aa1fb",
        "type": "github"
      },
      "original": {
        "owner": "nix-community",
        "repo": "fenix",
        "type": "github"
      }
    },
    "flake-compat": {
      "flake": false,
      "locked": {
        "lastModified": 1641205782,
        "narHash": "sha256-4jY7RCWUoZ9cKD8co0/4tFARpWB+57+r1bLLvXNJliY=",
        "owner": "edolstra",
        "repo": "flake-compat",
        "rev": "b7547d3eed6f32d06102ead8991ec52ab0a4f1a7",
        "type": "github"
      },
      "original": {
        "owner": "edolstra",
        "repo": "flake-compat",
        "type": "github"
      }
    },
    "flake-utils": {
      "locked": {
        "lastModified": 1629481132,
        "narHash": "sha256-JHgasjPR0/J1J3DRm4KxM4zTyAj4IOJY8vIl75v/kPI=",
        "owner": "numtide",
        "repo": "flake-utils",
        "rev": "997f7efcb746a9c140ce1f13c72263189225f482",
        "type": "github"
      },
      "original": {
        "owner": "numtide",
        "repo": "flake-utils",
        "type": "github"
      }
    },
    "home-manager": {
      "inputs": {
        "nixpkgs": [
          "nixpkgs"
        ]
      },
      "locked": {
        "lastModified": 1643933536,
        "narHash": "sha256-yRmsWAG4DnLxLIUtlaZsl0kH7rN5xSoyNRlf0YZrcH4=",
        "owner": "nix-community",
        "repo": "home-manager",
        "rev": "2860d7e3bb350f18f7477858f3513f9798896831",
        "type": "github"
      },
      "original": {
        "owner": "nix-community",
        "ref": "release-21.11",
        "repo": "home-manager",
        "type": "github"
      }
    },
    "kube-lineage": {
      "flake": false,
      "locked": {
        "lastModified": 1636984279,
        "narHash": "sha256-LHseVOfpkOWHhsvWMAYE2UsuIO5GZROotCXPYWw7ZOc=",
        "owner": "tohjustin",
        "repo": "kube-lineage",
        "rev": "d74bfc7e3afa83ff4486da3f3701e3d8b40a1334",
        "type": "github"
      },
      "original": {
        "owner": "tohjustin",
        "ref": "v0.4.2",
        "repo": "kube-lineage",
        "type": "github"
      }
    },
    "kube-no-trouble": {
      "flake": false,
      "locked": {
        "lastModified": 1643296428,
        "narHash": "sha256-vnzCyEtHBXRJyOLGNaEC0daJpEihO+hmN3Q/lte9VUQ=",
        "owner": "doitintl",
        "repo": "kube-no-trouble",
        "rev": "1ce0aa95059198f82e87bef3ba7a387db553beda",
        "type": "github"
      },
      "original": {
        "owner": "doitintl",
        "repo": "kube-no-trouble",
        "type": "github"
      }
    },
    "kubectl-aliases": {
      "flake": false,
      "locked": {
        "lastModified": 1642530489,
        "narHash": "sha256-bfUk//zCWiP0KI1tP3BMrp13zovjiedOWm96wqH1cWs=",
        "owner": "ahmetb",
        "repo": "kubectl-aliases",
        "rev": "c39072798f27a51d5c82d76087c16e6e8247808c",
        "type": "github"
      },
      "original": {
        "owner": "ahmetb",
        "repo": "kubectl-aliases",
        "type": "github"
      }
    },
    "kubectl-blame": {
      "flake": false,
      "locked": {
        "lastModified": 1637169024,
        "narHash": "sha256-Ex6LNGPDInXhKHDF6ikI92Q9vVN8IcUQwo+RpEucCwI=",
        "owner": "knight42",
        "repo": "kubectl-blame",
        "rev": "ee5b16728f8f63463733ea275bbee92a414e0671",
        "type": "github"
      },
      "original": {
        "owner": "knight42",
        "ref": "v0.0.8",
        "repo": "kubectl-blame",
        "type": "github"
      }
    },
    "kubectl-sniff": {
      "flake": false,
      "locked": {
        "lastModified": 1644869574,
        "narHash": "sha256-Dz+qnpUKdhNdYC74lqUZXwCk73jb6pY2tIGjtTvNiUQ=",
        "owner": "eldadru",
        "repo": "ksniff",
        "rev": "67b1799583687d1725dca2398e7c1a9239c9603c",
        "type": "github"
      },
      "original": {
        "owner": "eldadru",
        "repo": "ksniff",
        "type": "github"
      }
    },
    "kubectl-trace": {
      "flake": false,
      "locked": {
        "lastModified": 1626198653,
        "narHash": "sha256-K2Z5wmixLaOIej3EN5Wy8yx2iRqOX21UKoRNp0ibpFw=",
        "owner": "iovisor",
        "repo": "kubectl-trace",
        "rev": "fd68b1c1bf614a7213c9834673eb8813c809b036",
        "type": "github"
      },
      "original": {
        "owner": "iovisor",
        "ref": "v0.1.2",
        "repo": "kubectl-trace",
        "type": "github"
      }
    },
    "kubectl-view-utilization": {
      "flake": false,
      "locked": {
        "lastModified": 1599700423,
        "narHash": "sha256-4mqc4DAcxBkU0ZsMNypSQXgKxOGLQ8KBgiaU3lPAkpU=",
        "owner": "etopeter",
        "repo": "kubectl-view-utilization",
        "rev": "ec114ef3bf9609e8dff9b952fa10c6a75b94f570",
        "type": "github"
      },
      "original": {
        "owner": "etopeter",
        "repo": "kubectl-view-utilization",
        "type": "github"
      }
    },
    "lscolors": {
      "flake": false,
      "locked": {
        "lastModified": 1642975721,
        "narHash": "sha256-pyn3VnWDn5y7D/cVFV4e536ofolxBypE/01aSxDlIZI=",
        "owner": "trapd00r",
        "repo": "LS_COLORS",
        "rev": "572b294639fc2823cc2c06ef18cdd92d3546774e",
        "type": "github"
      },
      "original": {
        "owner": "trapd00r",
        "repo": "LS_COLORS",
        "type": "github"
      }
    },
    "master": {
      "locked": {
        "lastModified": 1646007876,
        "narHash": "sha256-3vO/3q7LfCZAx3gNUC02b9my8Nxhr2Nr7+ZgqWGmJu0=",
        "owner": "nixos",
        "repo": "nixpkgs",
        "rev": "9783ef308da620a48a9849d977dd1dfdf7f9ba45",
        "type": "github"
      },
      "original": {
        "owner": "nixos",
        "ref": "master",
        "repo": "nixpkgs",
        "type": "github"
      }
    },
    "neovim-flake": {
      "inputs": {
        "flake-utils": "flake-utils",
        "nixpkgs": [
          "neovim-nightly",
          "nixpkgs"
        ]
      },
      "locked": {
        "dir": "contrib",
        "lastModified": 1645930271,
        "narHash": "sha256-9dqgGaIk6psLjv5Lmq0lyzSMBzI2IQ8a/h9Wwk2SlDw=",
        "owner": "neovim",
        "repo": "neovim",
        "rev": "8bf3a3e303dbefa47653964dd027074e804b418c",
        "type": "github"
      },
      "original": {
        "dir": "contrib",
        "owner": "neovim",
        "repo": "neovim",
        "type": "github"
      }
    },
    "neovim-nightly": {
      "inputs": {
        "flake-compat": "flake-compat",
        "neovim-flake": "neovim-flake",
        "nixpkgs": "nixpkgs_3"
      },
      "locked": {
        "lastModified": 1645949613,
        "narHash": "sha256-R203mwxwBpKjX7DrYOeCKueif0nItLo9qK+Q+3qvBxQ=",
        "owner": "nix-community",
        "repo": "neovim-nightly-overlay",
        "rev": "40d48c8512ed9de3f381612b11be235e8d1728ed",
        "type": "github"
      },
      "original": {
        "owner": "nix-community",
        "repo": "neovim-nightly-overlay",
        "type": "github"
      }
    },
    "neovim-plugin-auto-pairs": {
      "flake": false,
      "locked": {
        "lastModified": 1551258699,
        "narHash": "sha256-zyLwbGp0y5XuLCbA7A3NL9EHh5jf9K7X7XerykoJrsM=",
        "owner": "jiangmiao",
        "repo": "auto-pairs",
        "rev": "39f06b873a8449af8ff6a3eee716d3da14d63a76",
        "type": "github"
      },
      "original": {
        "owner": "jiangmiao",
        "repo": "auto-pairs",
        "type": "github"
      }
    },
    "neovim-plugin-cmp-buffer": {
      "flake": false,
      "locked": {
        "lastModified": 1645413199,
        "narHash": "sha256-itDEtoRvZn1mtLhT9WtqKVXoMRe5Qw0/QUf+TFzGNVk=",
        "owner": "hrsh7th",
        "repo": "cmp-buffer",
        "rev": "d66c4c2d376e5be99db68d2362cd94d250987525",
        "type": "github"
      },
      "original": {
        "owner": "hrsh7th",
        "repo": "cmp-buffer",
        "type": "github"
      }
    },
    "neovim-plugin-cmp-cmdline": {
      "flake": false,
      "locked": {
        "lastModified": 1644756337,
        "narHash": "sha256-8KlmtXYfapji+n6tntAGlTcHYT3CJtdZaFR8luEu7Go=",
        "owner": "hrsh7th",
        "repo": "cmp-cmdline",
        "rev": "f4beb74e8e036f9532bedbcac0b93c7a55a0f8b0",
        "type": "github"
      },
      "original": {
        "owner": "hrsh7th",
        "repo": "cmp-cmdline",
        "type": "github"
      }
    },
    "neovim-plugin-cmp-nvim-lsp": {
      "flake": false,
      "locked": {
        "lastModified": 1642242623,
        "narHash": "sha256-itlKrCBo8wMNBCknW+7INOyVmwbcwmkGLzpc2lvvqk4=",
        "owner": "hrsh7th",
        "repo": "cmp-nvim-lsp",
        "rev": "ebdfc204afb87f15ce3d3d3f5df0b8181443b5ba",
        "type": "github"
      },
      "original": {
        "owner": "hrsh7th",
        "repo": "cmp-nvim-lsp",
        "type": "github"
      }
    },
    "neovim-plugin-cmp-nvim-ultisnips": {
      "flake": false,
      "locked": {
        "lastModified": 1645436549,
        "narHash": "sha256-E8jsEPxafNefuxO69n8JC04JFC5OpgYUuTP19xmUksA=",
        "owner": "quangnguyen30192",
        "repo": "cmp-nvim-ultisnips",
        "rev": "3cac37c0dfea9d42cf69d9638bb63f267c5a1033",
        "type": "github"
      },
      "original": {
        "owner": "quangnguyen30192",
        "repo": "cmp-nvim-ultisnips",
        "type": "github"
      }
    },
    "neovim-plugin-cmp-path": {
      "flake": false,
      "locked": {
        "lastModified": 1643823794,
        "narHash": "sha256-xYzTpqVKpBBnajqqRRzAXlHAC13VGK1D9mFr3bntepY=",
        "owner": "hrsh7th",
        "repo": "cmp-path",
        "rev": "466b6b8270f7ba89abd59f402c73f63c7331ff6e",
        "type": "github"
      },
      "original": {
        "owner": "hrsh7th",
        "repo": "cmp-path",
        "type": "github"
      }
    },
    "neovim-plugin-cmp-treesitter": {
      "flake": false,
      "locked": {
        "lastModified": 1638415112,
        "narHash": "sha256-Skdb113mgJqPJGUCk08ymo2IrnCyMO2KY36rOIxFHRk=",
        "owner": "ray-x",
        "repo": "cmp-treesitter",
        "rev": "a6b4c95ee922cace635b5a46c7fcc691d2559fbb",
        "type": "github"
      },
      "original": {
        "owner": "ray-x",
        "repo": "cmp-treesitter",
        "type": "github"
      }
    },
    "neovim-plugin-crates": {
      "flake": false,
      "locked": {
        "lastModified": 1645993938,
        "narHash": "sha256-IHb27lrcD9TIoon6MKV9iOUnd4EDCOJLKMnBhr24I+8=",
        "owner": "saecki",
        "repo": "crates.nvim",
        "rev": "6f0837b598d9bf0a30bc30dff39114b2e0cb79f3",
        "type": "github"
      },
      "original": {
        "owner": "saecki",
        "repo": "crates.nvim",
        "type": "github"
      }
    },
    "neovim-plugin-git-blame-nvim": {
      "flake": false,
      "locked": {
        "lastModified": 1644090169,
        "narHash": "sha256-ir/PppTTdxxiMIF1MRs+fF3SJlL9ZRP/gu4iph8Hhl4=",
        "owner": "f-person",
        "repo": "git-blame.nvim",
        "rev": "fdd38cf969af53acfaebde75ce74bb9bdc44daca",
        "type": "github"
      },
      "original": {
        "owner": "f-person",
        "repo": "git-blame.nvim",
        "type": "github"
      }
    },
    "neovim-plugin-github-nvim-theme": {
      "flake": false,
      "locked": {
        "lastModified": 1645953701,
        "narHash": "sha256-FZGmcsc0GWW32gEvcBkJh+oFPjRamsFTRJd8VTAf5QY=",
        "owner": "projekt0n",
        "repo": "github-nvim-theme",
        "rev": "4ad832edd70be94af43fd3f21065e73987b4176e",
        "type": "github"
      },
      "original": {
        "owner": "projekt0n",
        "repo": "github-nvim-theme",
        "type": "github"
      }
    },
    "neovim-plugin-gitsigns-nvim": {
      "flake": false,
      "locked": {
        "lastModified": 1645996112,
        "narHash": "sha256-D9DC7ekGupRbMpE/jbouphRK0yjtEx957gPXve1djvY=",
        "owner": "lewis6991",
        "repo": "gitsigns.nvim",
        "rev": "06aefb1867687ee2b1d206fd5d19a2b254c62f2c",
        "type": "github"
      },
      "original": {
        "owner": "lewis6991",
        "repo": "gitsigns.nvim",
        "type": "github"
      }
    },
    "neovim-plugin-glow-nvim": {
      "flake": false,
      "locked": {
        "lastModified": 1643203380,
        "narHash": "sha256-aciDVrWm0bnqiECkyv/uSyft1UXA+Z3kP5xFZk3ExiE=",
        "owner": "ellisonleao",
        "repo": "glow.nvim",
        "rev": "c6685381d31df262b776775b9f4252f6c7fa98d0",
        "type": "github"
      },
      "original": {
        "owner": "ellisonleao",
        "repo": "glow.nvim",
        "type": "github"
      }
    },
    "neovim-plugin-indent-blankline-nvim": {
      "flake": false,
      "locked": {
        "lastModified": 1642829036,
        "narHash": "sha256-ik7GDbctby+fzk+TX2A3NQNN7zq2smOxDcEeWsc88sE=",
        "owner": "lukas-reineke",
        "repo": "indent-blankline.nvim",
        "rev": "2e35f7dcdc72f39b37c21e43cdb538d7a41c7e07",
        "type": "github"
      },
      "original": {
        "owner": "lukas-reineke",
        "repo": "indent-blankline.nvim",
        "type": "github"
      }
    },
    "neovim-plugin-lsp-rooter-nvim": {
      "flake": false,
      "locked": {
        "lastModified": 1628886218,
        "narHash": "sha256-j9iDwZ1oq7v6rc8XQnBDBUUXTQ5defz/a5ZrcVRisv4=",
        "owner": "ahmedkhalf",
        "repo": "lsp-rooter.nvim",
        "rev": "7c83364f5a40db6c91f322fb148a99be8cec7b91",
        "type": "github"
      },
      "original": {
        "owner": "ahmedkhalf",
        "repo": "lsp-rooter.nvim",
        "type": "github"
      }
    },
    "neovim-plugin-lsp-signature-nvim": {
      "flake": false,
      "locked": {
        "lastModified": 1644927011,
        "narHash": "sha256-tbpYdH6MJWbMM6OZ0Kvw4MI15vlhEOvppz1CjqtaiGg=",
        "owner": "ray-x",
        "repo": "lsp_signature.nvim",
        "rev": "f7c308e99697317ea572c6d6bafe6d4be91ee164",
        "type": "github"
      },
      "original": {
        "owner": "ray-x",
        "repo": "lsp_signature.nvim",
        "type": "github"
      }
    },
    "neovim-plugin-lspkind-nvim": {
      "flake": false,
      "locked": {
        "lastModified": 1644054955,
        "narHash": "sha256-0103K5lnzWCyuT/qwiBUo5PJ7lUX7fo+zNeEnQClI7A=",
        "owner": "onsails",
        "repo": "lspkind-nvim",
        "rev": "93e98a0c900327ce7e9be1cbf24aebbe7170e375",
        "type": "github"
      },
      "original": {
        "owner": "onsails",
        "repo": "lspkind-nvim",
        "type": "github"
      }
    },
    "neovim-plugin-lspsaga-nvim": {
      "flake": false,
      "locked": {
        "lastModified": 1645900166,
        "narHash": "sha256-wBquzQiiO5AJVLHqfGS5gpP8FJIZJfiTA8cCqcxJloE=",
        "owner": "tami5",
        "repo": "lspsaga.nvim",
        "rev": "9f7ee18f79baed76c648f79ee7352b8fe65f2933",
        "type": "github"
      },
      "original": {
        "owner": "tami5",
        "repo": "lspsaga.nvim",
        "type": "github"
      }
    },
    "neovim-plugin-lua-dev": {
      "flake": false,
      "locked": {
        "lastModified": 1642512553,
        "narHash": "sha256-jpQgKhZmSmaTetsqOeP5EMDLxW9neschk3yxiH0sDII=",
        "owner": "folke",
        "repo": "lua-dev.nvim",
        "rev": "a0ee77789d9948adce64d98700cc90cecaef88d5",
        "type": "github"
      },
      "original": {
        "owner": "folke",
        "repo": "lua-dev.nvim",
        "type": "github"
      }
    },
    "neovim-plugin-lualine-nvim": {
      "flake": false,
      "locked": {
        "lastModified": 1645409143,
        "narHash": "sha256-7F6ci4QwTQNggkWVFOjInboQ8tXpGijZ6JAACqtyeXg=",
        "owner": "hoob3rt",
        "repo": "lualine.nvim",
        "rev": "016a20711ee595a11426f9c1f4ab3e04967df553",
        "type": "github"
      },
      "original": {
        "owner": "hoob3rt",
        "repo": "lualine.nvim",
        "type": "github"
      }
    },
    "neovim-plugin-markdown-preview": {
      "flake": false,
      "locked": {
        "lastModified": 1615344262,
        "narHash": "sha256-zyFPgpquBf7UPQ8FSmh4/lpqXQ16mqA1qViKh6Vj0y0=",
        "owner": "iamcco",
        "repo": "markdown-preview.nvim",
        "rev": "e5bfe9b89dc9c2fbd24ed0f0596c85fd0568b143",
        "type": "github"
      },
      "original": {
        "owner": "iamcco",
        "repo": "markdown-preview.nvim",
        "type": "github"
      }
    },
    "neovim-plugin-null-ls": {
      "flake": false,
      "locked": {
        "lastModified": 1645972340,
        "narHash": "sha256-haGCKNRPLOE8b/VhTIu81OXYq0TZ8pP1q+belxa4y2U=",
        "owner": "jose-elias-alvarez",
        "repo": "null-ls.nvim",
        "rev": "099d914e46688cda0f4a97be209f67f6f8720a54",
        "type": "github"
      },
      "original": {
        "owner": "jose-elias-alvarez",
        "repo": "null-ls.nvim",
        "type": "github"
      }
    },
    "neovim-plugin-nvim-bqf": {
      "flake": false,
      "locked": {
        "lastModified": 1645973042,
        "narHash": "sha256-oQXWolyERy+P1RNJXnMd1Mank2uVHdFy1HCoNzHcLxI=",
        "owner": "kevinhwang91",
        "repo": "nvim-bqf",
        "rev": "f6516059316e5e0678942d2622d4290bf199c046",
        "type": "github"
      },
      "original": {
        "owner": "kevinhwang91",
        "repo": "nvim-bqf",
        "type": "github"
      }
    },
    "neovim-plugin-nvim-cmp": {
      "flake": false,
      "locked": {
        "lastModified": 1644924861,
        "narHash": "sha256-ywxeL1l1BuKn+DSz+NJYImdZJBaRWb3iuNLqHdfLKiQ=",
        "owner": "hrsh7th",
        "repo": "nvim-cmp",
        "rev": "13d64460cba64950aff41e230cc801225bd9a3e2",
        "type": "github"
      },
      "original": {
        "owner": "hrsh7th",
        "repo": "nvim-cmp",
        "type": "github"
      }
    },
    "neovim-plugin-nvim-dap": {
      "flake": false,
      "locked": {
        "lastModified": 1645030107,
        "narHash": "sha256-U6TraHOkPEpP/CsD80xwVUgo0CqrcFi5EN6yhoYOJ6o=",
        "owner": "mfussenegger",
        "repo": "nvim-dap",
        "rev": "9fcff6e02e1a549d47a2c559a4b833798537c0bc",
        "type": "github"
      },
      "original": {
        "owner": "mfussenegger",
        "repo": "nvim-dap",
        "type": "github"
      }
    },
    "neovim-plugin-nvim-dap-go": {
      "flake": false,
      "locked": {
        "lastModified": 1644245232,
        "narHash": "sha256-ZbQw4244BLiSoBipiPc1eEF2aV3BJLT7W8LmBl8xH4Q=",
        "owner": "leoluz",
        "repo": "nvim-dap-go",
        "rev": "fca8bf90bf017e8ecb3a3fb8c3a3c05b60d1406d",
        "type": "github"
      },
      "original": {
        "owner": "leoluz",
        "repo": "nvim-dap-go",
        "type": "github"
      }
    },
    "neovim-plugin-nvim-dap-ui": {
      "flake": false,
      "locked": {
        "lastModified": 1645693717,
        "narHash": "sha256-eDCgTMzyv63he2NggVxcE5JcbQmlwHX+0E/Ea2DcwZw=",
        "owner": "rcarriga",
        "repo": "nvim-dap-ui",
        "rev": "22e94f2303c8d8d72b541799d7733c5ded0733c5",
        "type": "github"
      },
      "original": {
        "owner": "rcarriga",
        "repo": "nvim-dap-ui",
        "type": "github"
      }
    },
    "neovim-plugin-nvim-lightbulb": {
      "flake": false,
      "locked": {
        "lastModified": 1645713830,
        "narHash": "sha256-LxGA2LX9CASodJnZYXGZfGPOeW38MW7z54gYQSDmhRE=",
        "owner": "kosayoda",
        "repo": "nvim-lightbulb",
        "rev": "29ca81408119ba809d1f922edc941868af97ee86",
        "type": "github"
      },
      "original": {
        "owner": "kosayoda",
        "repo": "nvim-lightbulb",
        "type": "github"
      }
    },
    "neovim-plugin-nvim-lspconfig": {
      "flake": false,
      "locked": {
        "lastModified": 1645852010,
        "narHash": "sha256-B9AhEpxhDj/RcWaCkfExJhpo1LyqH8bWwyG+8Yvp6XE=",
        "owner": "neovim",
        "repo": "nvim-lspconfig",
        "rev": "c276536bcdb03f2e1c353b04abb1a719814d4197",
        "type": "github"
      },
      "original": {
        "owner": "neovim",
        "repo": "nvim-lspconfig",
        "type": "github"
      }
    },
    "neovim-plugin-nvim-neoclip-lua": {
      "flake": false,
      "locked": {
        "lastModified": 1645542479,
        "narHash": "sha256-pX6i5aZAbaX3gRqbPzNjGLxXX7VkJcQI2PnD40Peq50=",
        "owner": "AckslD",
        "repo": "nvim-neoclip.lua",
        "rev": "d859891e4bff9729ad6e63bd4aebc51946de8786",
        "type": "github"
      },
      "original": {
        "owner": "AckslD",
        "repo": "nvim-neoclip.lua",
        "type": "github"
      }
    },
    "neovim-plugin-nvim-tree-lua": {
      "flake": false,
      "locked": {
        "lastModified": 1645569419,
        "narHash": "sha256-lWcyrRaoJ3/LP1bOCXyBio9dQwtc+RL56ax1z2Zh5xs=",
        "owner": "kyazdani42",
        "repo": "nvim-tree.lua",
        "rev": "48e76bc0317de95ac154ae3a26193bf8881340a1",
        "type": "github"
      },
      "original": {
        "owner": "kyazdani42",
        "repo": "nvim-tree.lua",
        "type": "github"
      }
    },
    "neovim-plugin-nvim-treesitter": {
      "flake": false,
      "locked": {
        "lastModified": 1645982391,
        "narHash": "sha256-pBlTALxo1jYYJhe9XDvKRuicShMViZWZ0FPGM4U5V7o=",
        "owner": "nvim-treesitter",
        "repo": "nvim-treesitter",
        "rev": "4d7580099155065f196a12d7fab412e9eb1526df",
        "type": "github"
      },
      "original": {
        "owner": "nvim-treesitter",
        "repo": "nvim-treesitter",
        "type": "github"
      }
    },
    "neovim-plugin-nvim-ts-autotag": {
      "flake": false,
      "locked": {
        "lastModified": 1645665802,
        "narHash": "sha256-pPplosRl25T0QndmXB/9PLnj/BVOwxi0H9xnuw579AM=",
        "owner": "windwp",
        "repo": "nvim-ts-autotag",
        "rev": "178e40a213eeea4810cad440b6be56ceeb6af434",
        "type": "github"
      },
      "original": {
        "owner": "windwp",
        "repo": "nvim-ts-autotag",
        "type": "github"
      }
    },
    "neovim-plugin-nvim-ts-context-commentstring": {
      "flake": false,
      "locked": {
        "lastModified": 1639393910,
        "narHash": "sha256-wOmOmSfTOfKAbx9JBKPiJg9TwRdjy/iyUJlE6CZK1uA=",
        "owner": "JoosepAlviste",
        "repo": "nvim-ts-context-commentstring",
        "rev": "097df33c9ef5bbd3828105e4bee99965b758dc3f",
        "type": "github"
      },
      "original": {
        "owner": "JoosepAlviste",
        "repo": "nvim-ts-context-commentstring",
        "type": "github"
      }
    },
    "neovim-plugin-nvim-ts-rainbow": {
      "flake": false,
      "locked": {
        "lastModified": 1645801361,
        "narHash": "sha256-J8idWMCgAIfy8rSnxqJ7oyRbIM9AYV4wjPnMYXCri4o=",
        "owner": "p00f",
        "repo": "nvim-ts-rainbow",
        "rev": "5513a9cc49153c9c06624fadf50349f897184333",
        "type": "github"
      },
      "original": {
        "owner": "p00f",
        "repo": "nvim-ts-rainbow",
        "type": "github"
      }
    },
    "neovim-plugin-nvim-web-devicons": {
      "flake": false,
      "locked": {
        "lastModified": 1645288522,
        "narHash": "sha256-0nuv0kBPGV9F6Nmt5GERUG9E8kkXFrbS+cJ1CVQAQ9g=",
        "owner": "kyazdani42",
        "repo": "nvim-web-devicons",
        "rev": "4415d1aaa56f73b9c05795af84d625c610b05d3b",
        "type": "github"
      },
      "original": {
        "owner": "kyazdani42",
        "repo": "nvim-web-devicons",
        "type": "github"
      }
    },
    "neovim-plugin-planery": {
      "flake": false,
      "locked": {
        "lastModified": 1645295082,
        "narHash": "sha256-WBlJPXCMVqlGdg4x6+ZfyDwUh769MZSKQNdPv0L9lfw=",
        "owner": "nvim-lua",
        "repo": "plenary.nvim",
        "rev": "2a278c8a12a399e25b78a43ebcd4f3996cd4e4b6",
        "type": "github"
      },
      "original": {
        "owner": "nvim-lua",
        "repo": "plenary.nvim",
        "type": "github"
      }
    },
    "neovim-plugin-playground": {
      "flake": false,
      "locked": {
        "lastModified": 1645025876,
        "narHash": "sha256-Qfzpey5WOZdVOySDzAhf5Rt7Tkam6pdsx3t49rJmGcI=",
        "owner": "nvim-treesitter",
        "repo": "playground",
        "rev": "9df82a27a49e1c14e9d7416b537517a79d675086",
        "type": "github"
      },
      "original": {
        "owner": "nvim-treesitter",
        "repo": "playground",
        "type": "github"
      }
    },
    "neovim-plugin-popup": {
      "flake": false,
      "locked": {
        "lastModified": 1637254091,
        "narHash": "sha256-dNWz/xovUg55fDZUpVs/2kLphk3lqQyvPtc9ATwbeSQ=",
        "owner": "nvim-lua",
        "repo": "popup.nvim",
        "rev": "b7404d35d5d3548a82149238289fa71f7f6de4ac",
        "type": "github"
      },
      "original": {
        "owner": "nvim-lua",
        "repo": "popup.nvim",
        "type": "github"
      }
    },
    "neovim-plugin-rust-tools": {
      "flake": false,
      "locked": {
        "lastModified": 1645935428,
        "narHash": "sha256-RBpplnkE4HODwTSByynl0Kozs6d7uLHx6kllX0DI470=",
        "owner": "simrat39",
        "repo": "rust-tools.nvim",
        "rev": "7ca5eeba6bafb8ebb1349d25b11574235b313204",
        "type": "github"
      },
      "original": {
        "owner": "simrat39",
        "repo": "rust-tools.nvim",
        "type": "github"
      }
    },
    "neovim-plugin-telescope-dap": {
      "flake": false,
      "locked": {
        "lastModified": 1616786019,
        "narHash": "sha256-aGiBknPDjYL4Vlp0DKbJpsKiEaA5dzgg87FQvgThl7k=",
        "owner": "nvim-telescope",
        "repo": "telescope-dap.nvim",
        "rev": "b4134fff5cbaf3b876e6011212ed60646e56f060",
        "type": "github"
      },
      "original": {
        "owner": "nvim-telescope",
        "repo": "telescope-dap.nvim",
        "type": "github"
      }
    },
    "neovim-plugin-telescope-nvim": {
      "flake": false,
      "locked": {
        "lastModified": 1645627005,
        "narHash": "sha256-VnALUaFRiVf+sKgAFNcyKuIChYJd8PwG8OOl90Ww7d8=",
        "owner": "nvim-telescope",
        "repo": "telescope.nvim",
        "rev": "567ec85b157f1606b500a0f755181f284810a28e",
        "type": "github"
      },
      "original": {
        "owner": "nvim-telescope",
        "repo": "telescope.nvim",
        "type": "github"
      }
    },
    "neovim-plugin-trouble-nvim": {
      "flake": false,
      "locked": {
        "lastModified": 1640940059,
        "narHash": "sha256-t6zNugUO75TxOs4T83H8Slr04m3Dv113p/M/4XPg4QE=",
        "owner": "folke",
        "repo": "lsp-trouble.nvim",
        "rev": "20469be985143d024c460d95326ebeff9971d714",
        "type": "github"
      },
      "original": {
        "owner": "folke",
        "repo": "lsp-trouble.nvim",
        "type": "github"
      }
    },
    "neovim-plugin-ultisnips": {
      "flake": false,
      "locked": {
        "lastModified": 1645104553,
        "narHash": "sha256-PmsWi+lXfFZyzbQkesEMKTr6kSj8JNiO/nF8SOU6yf4=",
        "owner": "SirVer",
        "repo": "ultisnips",
        "rev": "ca21d30c7a72e0e18ad95f25ded5a5f820052685",
        "type": "github"
      },
      "original": {
        "owner": "SirVer",
        "repo": "ultisnips",
        "type": "github"
      }
    },
    "neovim-plugin-vim-bbye": {
      "flake": false,
      "locked": {
        "lastModified": 1520078493,
        "narHash": "sha256-xJMZQ/27TgwAnvPVH1fjF6SLOA9jvXmbfcwV0NZ1kTY=",
        "owner": "moll",
        "repo": "vim-bbye",
        "rev": "25ef93ac5a87526111f43e5110675032dbcacf56",
        "type": "github"
      },
      "original": {
        "owner": "moll",
        "repo": "vim-bbye",
        "type": "github"
      }
    },
    "neovim-plugin-vim-better-whitespace": {
      "flake": false,
      "locked": {
        "lastModified": 1631965645,
        "narHash": "sha256-OZ25no2pZQfyb1Yo00rE2XgKop+xutloRAoE8Lfqv4M=",
        "owner": "ntpeters",
        "repo": "vim-better-whitespace",
        "rev": "c5afbe91d29c5e3be81d5125ddcdc276fd1f1322",
        "type": "github"
      },
      "original": {
        "owner": "ntpeters",
        "repo": "vim-better-whitespace",
        "type": "github"
      }
    },
    "neovim-plugin-vim-bookmarks": {
      "flake": false,
      "locked": {
        "lastModified": 1629659752,
        "narHash": "sha256-ZS5rTj4Tq2OGOgN695PhxgPrgWBmSRbF1cWc6LdMD/E=",
        "owner": "MattesGroeger",
        "repo": "vim-bookmarks",
        "rev": "9cc5fa7ecc23b052bd524d07c85356c64b92aeef",
        "type": "github"
      },
      "original": {
        "owner": "MattesGroeger",
        "repo": "vim-bookmarks",
        "type": "github"
      }
    },
    "neovim-plugin-vim-commentary": {
      "flake": false,
      "locked": {
        "lastModified": 1631587843,
        "narHash": "sha256-10r0XfDpOAKNQMz5/n8Ab+fDigcJy8jqYH8NuAU0BTQ=",
        "owner": "tpope",
        "repo": "vim-commentary",
        "rev": "627308e30639be3e2d5402808ce18690557e8292",
        "type": "github"
      },
      "original": {
        "owner": "tpope",
        "repo": "vim-commentary",
        "type": "github"
      }
    },
    "neovim-plugin-vim-cue": {
      "flake": false,
      "locked": {
        "lastModified": 1624046882,
        "narHash": "sha256-UUULsdX+knZdtLHRNSB+2JYenAYcrd3cRUUKDuJMyAU=",
        "owner": "jjo",
        "repo": "vim-cue",
        "rev": "bd1a62303d096aa24fe4160a475645087f8770b3",
        "type": "github"
      },
      "original": {
        "owner": "jjo",
        "repo": "vim-cue",
        "type": "github"
      }
    },
    "neovim-plugin-vim-endwise": {
      "flake": false,
      "locked": {
        "lastModified": 1615074062,
        "narHash": "sha256-rHsvyW+D88lp0zHhNxYrA1K6M4PP8DN9VAs/dvPIPWo=",
        "owner": "tpope",
        "repo": "vim-endwise",
        "rev": "4289889a2622f9bc7c594a6dd79763781f63dfb5",
        "type": "github"
      },
      "original": {
        "owner": "tpope",
        "repo": "vim-endwise",
        "type": "github"
      }
    },
    "neovim-plugin-vim-fugitive": {
      "flake": false,
      "locked": {
        "lastModified": 1644602565,
        "narHash": "sha256-KrcJYV5d6QMjjgjwDLlBJoN7rSGNfn18mPaseeuf2tU=",
        "owner": "tpope",
        "repo": "vim-fugitive",
        "rev": "c29ef11cd6478da675678265e76f9e527843876f",
        "type": "github"
      },
      "original": {
        "owner": "tpope",
        "repo": "vim-fugitive",
        "type": "github"
      }
    },
    "neovim-plugin-vim-grepper": {
      "flake": false,
      "locked": {
        "lastModified": 1630307933,
        "narHash": "sha256-oVsbUeGC0QwHuCJ0tynKVGsxeLt9NEGQTu2qNWF5jfY=",
        "owner": "mhinz",
        "repo": "vim-grepper",
        "rev": "2b93535752ffcb312f9fab73d90e80dc9f2e60fc",
        "type": "github"
      },
      "original": {
        "owner": "mhinz",
        "repo": "vim-grepper",
        "type": "github"
      }
    },
    "neovim-plugin-vim-nix": {
      "flake": false,
      "locked": {
        "lastModified": 1622231877,
        "narHash": "sha256-wQzNXfE7JFalgiCQ2ksPAUyFKacmJV7mNKmKDe9jySI=",
        "owner": "LnL7",
        "repo": "vim-nix",
        "rev": "63b47b39c8d481ebca3092822ca8972e08df769b",
        "type": "github"
      },
      "original": {
        "owner": "LnL7",
        "repo": "vim-nix",
        "type": "github"
      }
    },
    "neovim-plugin-vim-rhubarb": {
      "flake": false,
      "locked": {
        "lastModified": 1631562342,
        "narHash": "sha256-D0NWr05YRG/+vYH19lYBoLuZYMlVdqajbaM2QfGQcu8=",
        "owner": "tpope",
        "repo": "vim-rhubarb",
        "rev": "977b3ccbad1f7e5370354ae409fb2ea4a7ce2058",
        "type": "github"
      },
      "original": {
        "owner": "tpope",
        "repo": "vim-rhubarb",
        "type": "github"
      }
    },
    "neovim-plugin-vim-rsi": {
      "flake": false,
      "locked": {
        "lastModified": 1610788521,
        "narHash": "sha256-CBziBgYsZv/Wreo4ewUjXEiVV6OcbeNOvoAgB4Mfz90=",
        "owner": "tpope",
        "repo": "vim-rsi",
        "rev": "e181883a0932d9315cceb96b5fffb5e2ec67068e",
        "type": "github"
      },
      "original": {
        "owner": "tpope",
        "repo": "vim-rsi",
        "type": "github"
      }
    },
    "neovim-plugin-vim-snippets": {
      "flake": false,
      "locked": {
        "lastModified": 1644019236,
        "narHash": "sha256-iJ5j6LxoaOK1rgZuCnpM2FasV2qKQ1Yz1gmGyKwb0RI=",
        "owner": "honza",
        "repo": "vim-snippets",
        "rev": "851c39c38f48c47f9aa937f83cda314ab1c8dd44",
        "type": "github"
      },
      "original": {
        "owner": "honza",
        "repo": "vim-snippets",
        "type": "github"
      }
    },
    "neovim-plugin-vim-startify": {
      "flake": false,
      "locked": {
        "lastModified": 1620487920,
        "narHash": "sha256-//3bzFTe1WKqvQ3uYrDbk5Zu5BKq2hXQGeBhmhKIHvk=",
        "owner": "mhinz",
        "repo": "vim-startify",
        "rev": "81e36c352a8deea54df5ec1e2f4348685569bed2",
        "type": "github"
      },
      "original": {
        "owner": "mhinz",
        "repo": "vim-startify",
        "type": "github"
      }
    },
    "neovim-plugin-vim-surround": {
      "flake": false,
      "locked": {
        "lastModified": 1643508337,
        "narHash": "sha256-KLZztzV/3zh52MZ9YG0F/wQnke4EorXOB1YJ/sUL908=",
        "owner": "tpope",
        "repo": "vim-surround",
        "rev": "baf89ad26488f6a7665d51b986f5c7ad2d22b30b",
        "type": "github"
      },
      "original": {
        "owner": "tpope",
        "repo": "vim-surround",
        "type": "github"
      }
    },
    "neovim-plugin-vim-terraform": {
      "flake": false,
      "locked": {
        "lastModified": 1625940486,
        "narHash": "sha256-atyMKr5WChLBRDyO1KznH2LQzv5P+K+RQpQ71aeJB0k=",
        "owner": "hashivim",
        "repo": "vim-terraform",
        "rev": "f0b17ac9f1bbdf3a29dba8b17ab429b1eed5d443",
        "type": "github"
      },
      "original": {
        "owner": "hashivim",
        "repo": "vim-terraform",
        "type": "github"
      }
    },
    "neovim-plugin-vim-tmux-navigator": {
      "flake": false,
      "locked": {
        "lastModified": 1633898283,
        "narHash": "sha256-Zz0gmp/32h/KF3qygUPy2d8/jfqJJXHogPw4zvEiG4c=",
        "owner": "christoomey",
        "repo": "vim-tmux-navigator",
        "rev": "9ca5bfe5bd274051b5dd796cc150348afc993b80",
        "type": "github"
      },
      "original": {
        "owner": "christoomey",
        "repo": "vim-tmux-navigator",
        "type": "github"
      }
    },
    "neovim-plugin-which-key-nvim": {
      "flake": false,
      "locked": {
        "lastModified": 1642619077,
        "narHash": "sha256-bz41c/zenRVVIkwtHHIi8wF/LZn2JEkFc6tkPv/BYY4=",
        "owner": "folke",
        "repo": "which-key.nvim",
        "rev": "28d2bd129575b5e9ebddd88506601290bb2bb221",
        "type": "github"
      },
      "original": {
        "owner": "folke",
        "repo": "which-key.nvim",
        "type": "github"
      }
    },
    "nixpkgs": {
      "locked": {
        "lastModified": 1602411953,
        "narHash": "sha256-gbupmxRpoQZqL5NBQCJN2GI5G7XDEHHHYKhVwEj5+Ps=",
        "owner": "LnL7",
        "repo": "nixpkgs",
        "rev": "f780534ea2d0c12e62607ff254b6b45f46653f7a",
        "type": "github"
      },
      "original": {
        "id": "nixpkgs",
        "type": "indirect"
      }
    },
    "nixpkgs_2": {
      "locked": {
        "lastModified": 1645433236,
        "narHash": "sha256-4va4MvJ076XyPp5h8sm5eMQvCrJ6yZAbBmyw95dGyw4=",
        "owner": "nixos",
        "repo": "nixpkgs",
        "rev": "7f9b6e2babf232412682c09e57ed666d8f84ac2d",
        "type": "github"
      },
      "original": {
        "owner": "nixos",
        "ref": "nixos-unstable",
        "repo": "nixpkgs",
        "type": "github"
      }
    },
    "nixpkgs_3": {
      "locked": {
        "lastModified": 1645433236,
        "narHash": "sha256-4va4MvJ076XyPp5h8sm5eMQvCrJ6yZAbBmyw95dGyw4=",
        "owner": "nixos",
        "repo": "nixpkgs",
        "rev": "7f9b6e2babf232412682c09e57ed666d8f84ac2d",
        "type": "github"
      },
      "original": {
        "owner": "nixos",
        "ref": "nixos-unstable",
        "repo": "nixpkgs",
        "type": "github"
      }
    },
    "nixpkgs_4": {
      "locked": {
        "lastModified": 1645885043,
        "narHash": "sha256-wDATA3Tks+fG91q3XL673rPQDl58zLRmjdJXpmrUwXU=",
        "owner": "nixos",
        "repo": "nixpkgs",
        "rev": "1622abf0e7890a3dac995f6eb5a92f56819ae38e",
        "type": "github"
      },
      "original": {
        "owner": "nixos",
        "ref": "nixos-21.11",
        "repo": "nixpkgs",
        "type": "github"
      }
    },
    "root": {
      "inputs": {
        "aws-find-profile": "aws-find-profile",
        "aws-sso-util": "aws-sso-util",
        "base16-fzf": "base16-fzf",
        "comma": "comma",
        "darwin": "darwin",
        "fenix": "fenix",
        "home-manager": "home-manager",
        "kube-lineage": "kube-lineage",
        "kube-no-trouble": "kube-no-trouble",
        "kubectl-aliases": "kubectl-aliases",
        "kubectl-blame": "kubectl-blame",
        "kubectl-sniff": "kubectl-sniff",
        "kubectl-trace": "kubectl-trace",
        "kubectl-view-utilization": "kubectl-view-utilization",
        "lscolors": "lscolors",
        "master": "master",
        "neovim-nightly": "neovim-nightly",
        "neovim-plugin-auto-pairs": "neovim-plugin-auto-pairs",
        "neovim-plugin-cmp-buffer": "neovim-plugin-cmp-buffer",
        "neovim-plugin-cmp-cmdline": "neovim-plugin-cmp-cmdline",
        "neovim-plugin-cmp-nvim-lsp": "neovim-plugin-cmp-nvim-lsp",
        "neovim-plugin-cmp-nvim-ultisnips": "neovim-plugin-cmp-nvim-ultisnips",
        "neovim-plugin-cmp-path": "neovim-plugin-cmp-path",
        "neovim-plugin-cmp-treesitter": "neovim-plugin-cmp-treesitter",
        "neovim-plugin-crates": "neovim-plugin-crates",
        "neovim-plugin-git-blame-nvim": "neovim-plugin-git-blame-nvim",
        "neovim-plugin-github-nvim-theme": "neovim-plugin-github-nvim-theme",
        "neovim-plugin-gitsigns-nvim": "neovim-plugin-gitsigns-nvim",
        "neovim-plugin-glow-nvim": "neovim-plugin-glow-nvim",
        "neovim-plugin-indent-blankline-nvim": "neovim-plugin-indent-blankline-nvim",
        "neovim-plugin-lsp-rooter-nvim": "neovim-plugin-lsp-rooter-nvim",
        "neovim-plugin-lsp-signature-nvim": "neovim-plugin-lsp-signature-nvim",
        "neovim-plugin-lspkind-nvim": "neovim-plugin-lspkind-nvim",
        "neovim-plugin-lspsaga-nvim": "neovim-plugin-lspsaga-nvim",
        "neovim-plugin-lua-dev": "neovim-plugin-lua-dev",
        "neovim-plugin-lualine-nvim": "neovim-plugin-lualine-nvim",
        "neovim-plugin-markdown-preview": "neovim-plugin-markdown-preview",
        "neovim-plugin-null-ls": "neovim-plugin-null-ls",
        "neovim-plugin-nvim-bqf": "neovim-plugin-nvim-bqf",
        "neovim-plugin-nvim-cmp": "neovim-plugin-nvim-cmp",
        "neovim-plugin-nvim-dap": "neovim-plugin-nvim-dap",
        "neovim-plugin-nvim-dap-go": "neovim-plugin-nvim-dap-go",
        "neovim-plugin-nvim-dap-ui": "neovim-plugin-nvim-dap-ui",
        "neovim-plugin-nvim-lightbulb": "neovim-plugin-nvim-lightbulb",
        "neovim-plugin-nvim-lspconfig": "neovim-plugin-nvim-lspconfig",
        "neovim-plugin-nvim-neoclip-lua": "neovim-plugin-nvim-neoclip-lua",
        "neovim-plugin-nvim-tree-lua": "neovim-plugin-nvim-tree-lua",
        "neovim-plugin-nvim-treesitter": "neovim-plugin-nvim-treesitter",
        "neovim-plugin-nvim-ts-autotag": "neovim-plugin-nvim-ts-autotag",
        "neovim-plugin-nvim-ts-context-commentstring": "neovim-plugin-nvim-ts-context-commentstring",
        "neovim-plugin-nvim-ts-rainbow": "neovim-plugin-nvim-ts-rainbow",
        "neovim-plugin-nvim-web-devicons": "neovim-plugin-nvim-web-devicons",
        "neovim-plugin-planery": "neovim-plugin-planery",
        "neovim-plugin-playground": "neovim-plugin-playground",
        "neovim-plugin-popup": "neovim-plugin-popup",
        "neovim-plugin-rust-tools": "neovim-plugin-rust-tools",
        "neovim-plugin-telescope-dap": "neovim-plugin-telescope-dap",
        "neovim-plugin-telescope-nvim": "neovim-plugin-telescope-nvim",
        "neovim-plugin-trouble-nvim": "neovim-plugin-trouble-nvim",
        "neovim-plugin-ultisnips": "neovim-plugin-ultisnips",
        "neovim-plugin-vim-bbye": "neovim-plugin-vim-bbye",
        "neovim-plugin-vim-better-whitespace": "neovim-plugin-vim-better-whitespace",
        "neovim-plugin-vim-bookmarks": "neovim-plugin-vim-bookmarks",
        "neovim-plugin-vim-commentary": "neovim-plugin-vim-commentary",
        "neovim-plugin-vim-cue": "neovim-plugin-vim-cue",
        "neovim-plugin-vim-endwise": "neovim-plugin-vim-endwise",
        "neovim-plugin-vim-fugitive": "neovim-plugin-vim-fugitive",
        "neovim-plugin-vim-grepper": "neovim-plugin-vim-grepper",
        "neovim-plugin-vim-nix": "neovim-plugin-vim-nix",
        "neovim-plugin-vim-rhubarb": "neovim-plugin-vim-rhubarb",
        "neovim-plugin-vim-rsi": "neovim-plugin-vim-rsi",
        "neovim-plugin-vim-snippets": "neovim-plugin-vim-snippets",
        "neovim-plugin-vim-startify": "neovim-plugin-vim-startify",
        "neovim-plugin-vim-surround": "neovim-plugin-vim-surround",
        "neovim-plugin-vim-terraform": "neovim-plugin-vim-terraform",
        "neovim-plugin-vim-tmux-navigator": "neovim-plugin-vim-tmux-navigator",
        "neovim-plugin-which-key-nvim": "neovim-plugin-which-key-nvim",
        "nixpkgs": "nixpkgs_4",
        "tmux": "tmux",
        "unstable": "unstable",
        "utils": "utils"
      }
    },
    "rust-analyzer-src": {
      "flake": false,
      "locked": {
        "lastModified": 1645823844,
        "narHash": "sha256-zCrxupBXHKm9pakFTcxng/PMbAmiRRK58ZewtBfwc50=",
        "owner": "rust-analyzer",
        "repo": "rust-analyzer",
        "rev": "a2cc1d6b7b499d6b03436db7fc8053aea72f75ac",
        "type": "github"
      },
      "original": {
        "owner": "rust-analyzer",
        "ref": "nightly",
        "repo": "rust-analyzer",
        "type": "github"
      }
    },
    "tmux": {
      "flake": false,
      "locked": {
        "lastModified": 1645560071,
        "narHash": "sha256-XKQ6Kr4SAEz89OipcnKLPiv6vpf9ylTFJImKL3KUqUQ=",
        "owner": "tmux",
        "repo": "tmux",
        "rev": "60688afe9ce31b8ee9dc3339d4e06bf12e6391fe",
        "type": "github"
      },
      "original": {
        "owner": "tmux",
        "repo": "tmux",
        "type": "github"
      }
    },
    "unstable": {
      "locked": {
        "lastModified": 1645433236,
        "narHash": "sha256-4va4MvJ076XyPp5h8sm5eMQvCrJ6yZAbBmyw95dGyw4=",
        "owner": "NixOS",
        "repo": "nixpkgs",
        "rev": "7f9b6e2babf232412682c09e57ed666d8f84ac2d",
        "type": "github"
      },
      "original": {
        "id": "nixpkgs",
        "ref": "nixos-unstable",
        "type": "indirect"
      }
    },
    "utils": {
      "locked": {
        "lastModified": 1644229661,
        "narHash": "sha256-1YdnJAsNy69bpcjuoKdOYQX0YxZBiCYZo4Twxerqv7k=",
        "owner": "numtide",
        "repo": "flake-utils",
        "rev": "3cecb5b042f7f209c56ffd8371b2711a290ec797",
        "type": "github"
      },
      "original": {
        "owner": "numtide",
        "repo": "flake-utils",
        "type": "github"
      }
    }
  },
  "root": "root",
  "version": 7
}
