{
  "nodes": {
    "aws-find-profile": {
      "flake": false,
      "locked": {
        "lastModified": 1633908628,
        "narHash": "sha256-jXreahuMwC1NG75qyMhd4bbY6J6IaVS6YKhKoWnVab4=",
        "owner": "vdesjardins",
        "repo": "aws-find-profile",
        "rev": "90050f05f35e7a6050ae96e50e60bd864fce7c1f",
        "type": "github"
      },
      "original": {
        "owner": "vdesjardins",
        "repo": "aws-find-profile",
        "type": "github"
      }
    },
    "aws-sso-util": {
      "flake": false,
      "locked": {
        "lastModified": 1640296770,
        "narHash": "sha256-ewUtRUjG0zyz6LWvxg8hvyDbHgzDhUDhbU7C7TWhUeQ=",
        "owner": "vdesjardins",
        "repo": "aws-sso-util",
        "rev": "487bcc8fffe64aa89fc0bc0b9c6c74a3dcaa2312",
        "type": "github"
      },
      "original": {
        "owner": "vdesjardins",
        "repo": "aws-sso-util",
        "type": "github"
      }
    },
    "base16-fzf": {
      "flake": false,
      "locked": {
        "lastModified": 1628382080,
        "narHash": "sha256-W0ukAoQF3cS6QbEUeXe06uj8OHFyCGpugLdkHTE8mqs=",
        "owner": "fnune",
        "repo": "base16-fzf",
        "rev": "180b00dd49ba3238ea53b1c0a47ed25a7322ea2f",
        "type": "github"
      },
      "original": {
        "owner": "fnune",
        "repo": "base16-fzf",
        "type": "github"
      }
    },
    "comma": {
      "flake": false,
      "locked": {
        "lastModified": 1645081562,
        "narHash": "sha256-iSkHFMgYh31UDFZ5BZ9AHBivdgO0n2iCrYKjwAWxXvY=",
        "owner": "Shopify",
        "repo": "comma",
        "rev": "54149dc417819af14ddc0d59216d4add5280ad14",
        "type": "github"
      },
      "original": {
        "owner": "Shopify",
        "repo": "comma",
        "type": "github"
      }
    },
    "darwin": {
      "inputs": {
        "nixpkgs": "nixpkgs"
      },
      "locked": {
        "lastModified": 1645293039,
        "narHash": "sha256-PwdDu+SkX8dreeuJ/4av1sEluNZdrpdXv8JsRKKg1Yc=",
        "owner": "LnL7",
        "repo": "nix-darwin",
        "rev": "1df878b6f8351795a3bebfbe4fd2d02e1e8b29d6",
        "type": "github"
      },
      "original": {
        "owner": "LnL7",
        "repo": "nix-darwin",
        "type": "github"
      }
    },
    "fenix": {
      "inputs": {
        "nixpkgs": "nixpkgs_2",
        "rust-analyzer-src": "rust-analyzer-src"
      },
      "locked": {
        "lastModified": 1645251813,
        "narHash": "sha256-cQ66tGjnZclBCS3nD26mZ5fUH+3/HnysGffBiWXUSHk=",
        "owner": "nix-community",
        "repo": "fenix",
        "rev": "9892337b588c38ec59466a1c89befce464aae7f8",
        "type": "github"
      },
      "original": {
        "owner": "nix-community",
        "repo": "fenix",
        "type": "github"
      }
    },
    "flake-compat": {
      "flake": false,
      "locked": {
        "lastModified": 1641205782,
        "narHash": "sha256-4jY7RCWUoZ9cKD8co0/4tFARpWB+57+r1bLLvXNJliY=",
        "owner": "edolstra",
        "repo": "flake-compat",
        "rev": "b7547d3eed6f32d06102ead8991ec52ab0a4f1a7",
        "type": "github"
      },
      "original": {
        "owner": "edolstra",
        "repo": "flake-compat",
        "type": "github"
      }
    },
    "flake-utils": {
      "locked": {
        "lastModified": 1629481132,
        "narHash": "sha256-JHgasjPR0/J1J3DRm4KxM4zTyAj4IOJY8vIl75v/kPI=",
        "owner": "numtide",
        "repo": "flake-utils",
        "rev": "997f7efcb746a9c140ce1f13c72263189225f482",
        "type": "github"
      },
      "original": {
        "owner": "numtide",
        "repo": "flake-utils",
        "type": "github"
      }
    },
    "home-manager": {
      "inputs": {
        "nixpkgs": [
          "nixpkgs"
        ]
      },
      "locked": {
        "lastModified": 1643933536,
        "narHash": "sha256-yRmsWAG4DnLxLIUtlaZsl0kH7rN5xSoyNRlf0YZrcH4=",
        "owner": "nix-community",
        "repo": "home-manager",
        "rev": "2860d7e3bb350f18f7477858f3513f9798896831",
        "type": "github"
      },
      "original": {
        "owner": "nix-community",
        "ref": "release-21.11",
        "repo": "home-manager",
        "type": "github"
      }
    },
    "kube-lineage": {
      "flake": false,
      "locked": {
        "lastModified": 1636984279,
        "narHash": "sha256-LHseVOfpkOWHhsvWMAYE2UsuIO5GZROotCXPYWw7ZOc=",
        "owner": "tohjustin",
        "repo": "kube-lineage",
        "rev": "d74bfc7e3afa83ff4486da3f3701e3d8b40a1334",
        "type": "github"
      },
      "original": {
        "owner": "tohjustin",
        "ref": "v0.4.2",
        "repo": "kube-lineage",
        "type": "github"
      }
    },
    "kube-no-trouble": {
      "flake": false,
      "locked": {
        "lastModified": 1643296428,
        "narHash": "sha256-vnzCyEtHBXRJyOLGNaEC0daJpEihO+hmN3Q/lte9VUQ=",
        "owner": "doitintl",
        "repo": "kube-no-trouble",
        "rev": "1ce0aa95059198f82e87bef3ba7a387db553beda",
        "type": "github"
      },
      "original": {
        "owner": "doitintl",
        "repo": "kube-no-trouble",
        "type": "github"
      }
    },
    "kubectl-aliases": {
      "flake": false,
      "locked": {
        "lastModified": 1642530489,
        "narHash": "sha256-bfUk//zCWiP0KI1tP3BMrp13zovjiedOWm96wqH1cWs=",
        "owner": "ahmetb",
        "repo": "kubectl-aliases",
        "rev": "c39072798f27a51d5c82d76087c16e6e8247808c",
        "type": "github"
      },
      "original": {
        "owner": "ahmetb",
        "repo": "kubectl-aliases",
        "type": "github"
      }
    },
    "kubectl-blame": {
      "flake": false,
      "locked": {
        "lastModified": 1637169024,
        "narHash": "sha256-Ex6LNGPDInXhKHDF6ikI92Q9vVN8IcUQwo+RpEucCwI=",
        "owner": "knight42",
        "repo": "kubectl-blame",
        "rev": "ee5b16728f8f63463733ea275bbee92a414e0671",
        "type": "github"
      },
      "original": {
        "owner": "knight42",
        "ref": "v0.0.8",
        "repo": "kubectl-blame",
        "type": "github"
      }
    },
    "kubectl-sniff": {
      "flake": false,
      "locked": {
        "lastModified": 1644869574,
        "narHash": "sha256-Dz+qnpUKdhNdYC74lqUZXwCk73jb6pY2tIGjtTvNiUQ=",
        "owner": "eldadru",
        "repo": "ksniff",
        "rev": "67b1799583687d1725dca2398e7c1a9239c9603c",
        "type": "github"
      },
      "original": {
        "owner": "eldadru",
        "repo": "ksniff",
        "type": "github"
      }
    },
    "kubectl-trace": {
      "flake": false,
      "locked": {
        "lastModified": 1626198653,
        "narHash": "sha256-K2Z5wmixLaOIej3EN5Wy8yx2iRqOX21UKoRNp0ibpFw=",
        "owner": "iovisor",
        "repo": "kubectl-trace",
        "rev": "fd68b1c1bf614a7213c9834673eb8813c809b036",
        "type": "github"
      },
      "original": {
        "owner": "iovisor",
        "ref": "v0.1.2",
        "repo": "kubectl-trace",
        "type": "github"
      }
    },
    "kubectl-view-utilization": {
      "flake": false,
      "locked": {
        "lastModified": 1599700423,
        "narHash": "sha256-4mqc4DAcxBkU0ZsMNypSQXgKxOGLQ8KBgiaU3lPAkpU=",
        "owner": "etopeter",
        "repo": "kubectl-view-utilization",
        "rev": "ec114ef3bf9609e8dff9b952fa10c6a75b94f570",
        "type": "github"
      },
      "original": {
        "owner": "etopeter",
        "repo": "kubectl-view-utilization",
        "type": "github"
      }
    },
    "lscolors": {
      "flake": false,
      "locked": {
        "lastModified": 1642975721,
        "narHash": "sha256-pyn3VnWDn5y7D/cVFV4e536ofolxBypE/01aSxDlIZI=",
        "owner": "trapd00r",
        "repo": "LS_COLORS",
        "rev": "572b294639fc2823cc2c06ef18cdd92d3546774e",
        "type": "github"
      },
      "original": {
        "owner": "trapd00r",
        "repo": "LS_COLORS",
        "type": "github"
      }
    },
    "master": {
      "locked": {
        "lastModified": 1645317662,
        "narHash": "sha256-GgPYZrzsdJDvVOrt5XgVU4ggATwpeRwLZpEadhVYNEA=",
        "owner": "nixos",
        "repo": "nixpkgs",
        "rev": "cd2731c9e25e5ce4220c81387b15ba1f4041a65f",
        "type": "github"
      },
      "original": {
        "owner": "nixos",
        "ref": "master",
        "repo": "nixpkgs",
        "type": "github"
      }
    },
    "neovim-flake": {
      "inputs": {
        "flake-utils": "flake-utils",
        "nixpkgs": [
          "neovim-nightly",
          "nixpkgs"
        ]
      },
      "locked": {
        "dir": "contrib",
        "lastModified": 1645221341,
        "narHash": "sha256-01YUM9KnYxdzJoP8cs+2c+RVe40bsUSH3wVDmv3V9bU=",
        "owner": "neovim",
        "repo": "neovim",
        "rev": "5cb45dffba730d0009d4c4d6b26efaa994727e2d",
        "type": "github"
      },
      "original": {
        "dir": "contrib",
        "owner": "neovim",
        "repo": "neovim",
        "type": "github"
      }
    },
    "neovim-nightly": {
      "inputs": {
        "flake-compat": "flake-compat",
        "neovim-flake": "neovim-flake",
        "nixpkgs": "nixpkgs_3"
      },
      "locked": {
        "lastModified": 1645258396,
        "narHash": "sha256-2avNcS2USBhH97we0SGgxljipD5hW+zrIt0OvH8PBYE=",
        "owner": "nix-community",
        "repo": "neovim-nightly-overlay",
        "rev": "61479c974a76d8f8ea0e9d45dca70aa42a48176e",
        "type": "github"
      },
      "original": {
        "owner": "nix-community",
        "repo": "neovim-nightly-overlay",
        "type": "github"
      }
    },
    "nixpkgs": {
      "locked": {
        "lastModified": 1602411953,
        "narHash": "sha256-gbupmxRpoQZqL5NBQCJN2GI5G7XDEHHHYKhVwEj5+Ps=",
        "owner": "LnL7",
        "repo": "nixpkgs",
        "rev": "f780534ea2d0c12e62607ff254b6b45f46653f7a",
        "type": "github"
      },
      "original": {
        "id": "nixpkgs",
        "type": "indirect"
      }
    },
    "nixpkgs_2": {
      "locked": {
        "lastModified": 1644525281,
        "narHash": "sha256-D3VuWLdnLmAXIkooWAtbTGSQI9Fc1lkvAr94wTxhnTU=",
        "owner": "nixos",
        "repo": "nixpkgs",
        "rev": "48d63e924a2666baf37f4f14a18f19347fbd54a2",
        "type": "github"
      },
      "original": {
        "owner": "nixos",
        "ref": "nixos-unstable",
        "repo": "nixpkgs",
        "type": "github"
      }
    },
    "nixpkgs_3": {
      "locked": {
        "lastModified": 1644525281,
        "narHash": "sha256-D3VuWLdnLmAXIkooWAtbTGSQI9Fc1lkvAr94wTxhnTU=",
        "owner": "nixos",
        "repo": "nixpkgs",
        "rev": "48d63e924a2666baf37f4f14a18f19347fbd54a2",
        "type": "github"
      },
      "original": {
        "owner": "nixos",
        "ref": "nixos-unstable",
        "repo": "nixpkgs",
        "type": "github"
      }
    },
    "nixpkgs_4": {
      "locked": {
        "lastModified": 1645010845,
        "narHash": "sha256-hO9X4PvxkSLMQnGGB7tOrKPwufhLMiNQMNXNwzLqneo=",
        "owner": "nixos",
        "repo": "nixpkgs",
        "rev": "2128d0aa28edef51fd8fef38b132ffc0155595df",
        "type": "github"
      },
      "original": {
        "owner": "nixos",
        "ref": "nixos-21.11",
        "repo": "nixpkgs",
        "type": "github"
      }
    },
    "root": {
      "inputs": {
        "aws-find-profile": "aws-find-profile",
        "aws-sso-util": "aws-sso-util",
        "base16-fzf": "base16-fzf",
        "comma": "comma",
        "darwin": "darwin",
        "fenix": "fenix",
        "home-manager": "home-manager",
        "kube-lineage": "kube-lineage",
        "kube-no-trouble": "kube-no-trouble",
        "kubectl-aliases": "kubectl-aliases",
        "kubectl-blame": "kubectl-blame",
        "kubectl-sniff": "kubectl-sniff",
        "kubectl-trace": "kubectl-trace",
        "kubectl-view-utilization": "kubectl-view-utilization",
        "lscolors": "lscolors",
        "master": "master",
        "neovim-nightly": "neovim-nightly",
        "nixpkgs": "nixpkgs_4",
        "tmux": "tmux",
        "unstable": "unstable",
        "utils": "utils"
      }
    },
    "rust-analyzer-src": {
      "flake": false,
      "locked": {
        "lastModified": 1645205556,
        "narHash": "sha256-e4lZW3qRyOEJ+vLKFQP7m2Dxh5P44NrnekZYLxlucww=",
        "owner": "rust-analyzer",
        "repo": "rust-analyzer",
        "rev": "acf5874b39f3dc5262317a6074d9fc7285081161",
        "type": "github"
      },
      "original": {
        "owner": "rust-analyzer",
        "ref": "nightly",
        "repo": "rust-analyzer",
        "type": "github"
      }
    },
    "tmux": {
      "flake": false,
      "locked": {
        "lastModified": 1645099270,
        "narHash": "sha256-QhF10vAt1E8FMNNQvhaPO2eEC4DyJCZM3ZeI3yYfqlo=",
        "owner": "tmux",
        "repo": "tmux",
        "rev": "88d9a8fc053a6653c78211690e5796c601bdba01",
        "type": "github"
      },
      "original": {
        "owner": "tmux",
        "repo": "tmux",
        "type": "github"
      }
    },
    "unstable": {
      "locked": {
        "lastModified": 1644613700,
        "narHash": "sha256-wLRPJclMH8vsHuFtyI78aF09lw5mbi3lMB6uiK5S2wE=",
        "owner": "NixOS",
        "repo": "nixpkgs",
        "rev": "23d785aa6f853e6cf3430119811c334025bbef55",
        "type": "github"
      },
      "original": {
        "id": "nixpkgs",
        "ref": "nixos-unstable",
        "type": "indirect"
      }
    },
    "utils": {
      "locked": {
        "lastModified": 1644229661,
        "narHash": "sha256-1YdnJAsNy69bpcjuoKdOYQX0YxZBiCYZo4Twxerqv7k=",
        "owner": "numtide",
        "repo": "flake-utils",
        "rev": "3cecb5b042f7f209c56ffd8371b2711a290ec797",
        "type": "github"
      },
      "original": {
        "owner": "numtide",
        "repo": "flake-utils",
        "type": "github"
      }
    }
  },
  "root": "root",
  "version": 7
}
